
Microsoft Visual Studio Solution File, Format Version 12.00
# Visual Studio Version 16
VisualStudioVersion = 16.0.30621.155
MinimumVisualStudioVersion = 10.0.40219.1
Project("{9A19103F-16F7-4668-BE54-9A1E7A4F7556}") = "GenericDbRestApi", "GenericDbRestApi\GenericDbRestApi.csproj", "{A5138681-26C7-494A-8DBE-BC82880C4355}"
EndProject
Project("{9A19103F-16F7-4668-BE54-9A1E7A4F7556}") = "GenericDbRestApi.Test", "GenericDbRestApi.Test\GenericDbRestApi.Test.csproj", "{23306D16-ED4B-4421-9A8B-12EBA68F1E7E}"
EndProject
Project("{FAE04EC0-301F-11D3-BF4B-00C04F79EFBC}") = "GenericDbRestApi.Lib", "GenericDbRestApi.Lib\GenericDbRestApi.Lib.csproj", "{2EBC9B1A-B042-49E7-81D9-9ACFA20430D2}"
EndProject
Global
	GlobalSection(SolutionConfigurationPlatforms) = preSolution
		Debug|Any CPU = Debug|Any CPU
		Release|Any CPU = Release|Any CPU
	EndGlobalSection
	GlobalSection(ProjectConfigurationPlatforms) = postSolution
		{A5138681-26C7-494A-8DBE-BC82880C4355}.Debug|Any CPU.ActiveCfg = Debug|Any CPU
		{A5138681-26C7-494A-8DBE-BC82880C4355}.Debug|Any CPU.Build.0 = Debug|Any CPU
		{A5138681-26C7-494A-8DBE-BC82880C4355}.Release|Any CPU.ActiveCfg = Release|Any CPU
		{A5138681-26C7-494A-8DBE-BC82880C4355}.Release|Any CPU.Build.0 = Release|Any CPU
		{23306D16-ED4B-4421-9A8B-12EBA68F1E7E}.Debug|Any CPU.ActiveCfg = Debug|Any CPU
		{23306D16-ED4B-4421-9A8B-12EBA68F1E7E}.Debug|Any CPU.Build.0 = Debug|Any CPU
		{23306D16-ED4B-4421-9A8B-12EBA68F1E7E}.Release|Any CPU.ActiveCfg = Release|Any CPU
		{23306D16-ED4B-4421-9A8B-12EBA68F1E7E}.Release|Any CPU.Build.0 = Release|Any CPU
		{2EBC9B1A-B042-49E7-81D9-9ACFA20430D2}.Debug|Any CPU.ActiveCfg = Debug|Any CPU
		{2EBC9B1A-B042-49E7-81D9-9ACFA20430D2}.Debug|Any CPU.Build.0 = Debug|Any CPU
		{2EBC9B1A-B042-49E7-81D9-9ACFA20430D2}.Release|Any CPU.ActiveCfg = Release|Any CPU
		{2EBC9B1A-B042-49E7-81D9-9ACFA20430D2}.Release|Any CPU.Build.0 = Release|Any CPU
	EndGlobalSection
	GlobalSection(SolutionProperties) = preSolution
		HideSolutionNode = FALSE
	EndGlobalSection
	GlobalSection(ExtensibilityGlobals) = postSolution
		SolutionGuid = {B84AEA96-D283-4DFA-A324-F26372032904}
	EndGlobalSection
EndGlobal
